
Microsoft Visual Studio Solution File, Format Version 12.00
# Visual Studio Version 17
VisualStudioVersion = 17.6.33723.286
MinimumVisualStudioVersion = 10.0.40219.1
Project("{FAE04EC0-301F-11D3-BF4B-00C04F79EFBC}") = "VariableApp", "VariableApp\VariableApp.csproj", "{FB60E3A2-F024-4CC7-A8EA-BF5A338A1CAD}"
EndProject
Global
	GlobalSection(SolutionConfigurationPlatforms) = preSolution
		Debug|Any CPU = Debug|Any CPU
		Release|Any CPU = Release|Any CPU
	EndGlobalSection
	GlobalSection(ProjectConfigurationPlatforms) = postSolution
		{FB60E3A2-F024-4CC7-A8EA-BF5A338A1CAD}.Debug|Any CPU.ActiveCfg = Debug|Any CPU
		{FB60E3A2-F024-4CC7-A8EA-BF5A338A1CAD}.Debug|Any CPU.Build.0 = Debug|Any CPU
		{FB60E3A2-F024-4CC7-A8EA-BF5A338A1CAD}.Release|Any CPU.ActiveCfg = Release|Any CPU
		{FB60E3A2-F024-4CC7-A8EA-BF5A338A1CAD}.Release|Any CPU.Build.0 = Release|Any CPU
	EndGlobalSection
	GlobalSection(SolutionProperties) = preSolution
		HideSolutionNode = FALSE
	EndGlobalSection
	GlobalSection(ExtensibilityGlobals) = postSolution
		SolutionGuid = {D5B0443B-9305-402E-AA60-B596BA64B475}
	EndGlobalSection
EndGlobal
